
Microsoft Visual Studio Solution File, Format Version 12.00
# Visual Studio Version 17
VisualStudioVersion = 17.10.35004.147
MinimumVisualStudioVersion = 10.0.40219.1
Project("{FAE04EC0-301F-11D3-BF4B-00C04F79EFBC}") = "DragDropClippedCanvas", "DragDropClippedCanvas\DragDropClippedCanvas.csproj", "{4D7414E3-6EE1-4550-B943-C6DCAAE947D3}"
EndProject
Global
	GlobalSection(SolutionConfigurationPlatforms) = preSolution
		Debug|Any CPU = Debug|Any CPU
		Release|Any CPU = Release|Any CPU
	EndGlobalSection
	GlobalSection(ProjectConfigurationPlatforms) = postSolution
		{4D7414E3-6EE1-4550-B943-C6DCAAE947D3}.Debug|Any CPU.ActiveCfg = Debug|Any CPU
		{4D7414E3-6EE1-4550-B943-C6DCAAE947D3}.Debug|Any CPU.Build.0 = Debug|Any CPU
		{4D7414E3-6EE1-4550-B943-C6DCAAE947D3}.Release|Any CPU.ActiveCfg = Release|Any CPU
		{4D7414E3-6EE1-4550-B943-C6DCAAE947D3}.Release|Any CPU.Build.0 = Release|Any CPU
	EndGlobalSection
	GlobalSection(SolutionProperties) = preSolution
		HideSolutionNode = FALSE
	EndGlobalSection
	GlobalSection(ExtensibilityGlobals) = postSolution
		SolutionGuid = {D368AA2C-33BA-4958-A485-E5048F90393A}
	EndGlobalSection
EndGlobal
